{
  "name": "newssiteproject",
  "version": "1.0.0",
  "lockfileVersion": 1,
  "requires": true,
  "dependencies": {
    "jquery-plugin": {
      "version": "0.0.0-ignored",
      "resolved": "https://registry.npmjs.org/jquery-plugin/-/jquery-plugin-0.0.0-ignored.tgz",
      "integrity": "sha1-lgg0eq1qlz97CBi5G8UFU/M+IVg="
    }
  }
}
